
Microsoft Visual Studio Solution File, Format Version 12.00
Project("{FAE04EC0-301F-11D3-BF4B-00C04F79EFBC}") = "Domain", "Domain\Domain.csproj", "{4C9444D6-36CE-4C33-99B3-ACD7CBEB62DC}"
EndProject
Project("{FAE04EC0-301F-11D3-BF4B-00C04F79EFBC}") = "Infrastructure", "Infrastructure\Infrastructure.csproj", "{C6A15D4A-9EA3-4E4F-BDFA-69846BAB34EE}"
EndProject
Global
	GlobalSection(SolutionConfigurationPlatforms) = preSolution
		Debug|Any CPU = Debug|Any CPU
		Release|Any CPU = Release|Any CPU
	EndGlobalSection
	GlobalSection(ProjectConfigurationPlatforms) = postSolution
		{4C9444D6-36CE-4C33-99B3-ACD7CBEB62DC}.Debug|Any CPU.ActiveCfg = Debug|Any CPU
		{4C9444D6-36CE-4C33-99B3-ACD7CBEB62DC}.Debug|Any CPU.Build.0 = Debug|Any CPU
		{4C9444D6-36CE-4C33-99B3-ACD7CBEB62DC}.Release|Any CPU.ActiveCfg = Release|Any CPU
		{4C9444D6-36CE-4C33-99B3-ACD7CBEB62DC}.Release|Any CPU.Build.0 = Release|Any CPU
		{C6A15D4A-9EA3-4E4F-BDFA-69846BAB34EE}.Debug|Any CPU.ActiveCfg = Debug|Any CPU
		{C6A15D4A-9EA3-4E4F-BDFA-69846BAB34EE}.Debug|Any CPU.Build.0 = Debug|Any CPU
		{C6A15D4A-9EA3-4E4F-BDFA-69846BAB34EE}.Release|Any CPU.ActiveCfg = Release|Any CPU
		{C6A15D4A-9EA3-4E4F-BDFA-69846BAB34EE}.Release|Any CPU.Build.0 = Release|Any CPU
	EndGlobalSection
EndGlobal
